
Microsoft Visual Studio Solution File, Format Version 12.00
# Visual Studio Version 17
VisualStudioVersion = 17.3.32819.101
MinimumVisualStudioVersion = 10.0.40219.1
Project("{FAE04EC0-301F-11D3-BF4B-00C04F79EFBC}") = "Console-App-DotNet", "Console-App-DotNet.csproj", "{77A228C4-13DB-4F05-9A7E-D112E6338D3B}"
EndProject
Global
	GlobalSection(SolutionConfigurationPlatforms) = preSolution
		Debug|Any CPU = Debug|Any CPU
		Release|Any CPU = Release|Any CPU
	EndGlobalSection
	GlobalSection(ProjectConfigurationPlatforms) = postSolution
		{77A228C4-13DB-4F05-9A7E-D112E6338D3B}.Debug|Any CPU.ActiveCfg = Debug|Any CPU
		{77A228C4-13DB-4F05-9A7E-D112E6338D3B}.Debug|Any CPU.Build.0 = Debug|Any CPU
		{77A228C4-13DB-4F05-9A7E-D112E6338D3B}.Release|Any CPU.ActiveCfg = Release|Any CPU
		{77A228C4-13DB-4F05-9A7E-D112E6338D3B}.Release|Any CPU.Build.0 = Release|Any CPU
	EndGlobalSection
	GlobalSection(SolutionProperties) = preSolution
		HideSolutionNode = FALSE
	EndGlobalSection
	GlobalSection(ExtensibilityGlobals) = postSolution
		SolutionGuid = {44900F0D-E8C7-496F-BFAA-1F1A50B668AC}
	EndGlobalSection
EndGlobal
